
Microsoft Visual Studio Solution File, Format Version 12.00
# Visual Studio 14
VisualStudioVersion = 14.0.25123.0
MinimumVisualStudioVersion = 10.0.40219.1
Project("{FAE04EC0-301F-11D3-BF4B-00C04F79EFBC}") = "week8-lab4-mvc", "week8-lab4-mvc\week8-lab4-mvc.csproj", "{21C7C1F3-E126-47B2-986D-5FC2E609E4DA}"
EndProject
Project("{FAE04EC0-301F-11D3-BF4B-00C04F79EFBC}") = "week8-lab4-mvc.Tests", "week8-lab4-mvc.Tests\week8-lab4-mvc.Tests.csproj", "{B7AAE1AE-73C0-4D90-9BFE-93D747C3BFC4}"
EndProject
Global
	GlobalSection(SolutionConfigurationPlatforms) = preSolution
		Debug|Any CPU = Debug|Any CPU
		Release|Any CPU = Release|Any CPU
	EndGlobalSection
	GlobalSection(ProjectConfigurationPlatforms) = postSolution
		{21C7C1F3-E126-47B2-986D-5FC2E609E4DA}.Debug|Any CPU.ActiveCfg = Debug|Any CPU
		{21C7C1F3-E126-47B2-986D-5FC2E609E4DA}.Debug|Any CPU.Build.0 = Debug|Any CPU
		{21C7C1F3-E126-47B2-986D-5FC2E609E4DA}.Release|Any CPU.ActiveCfg = Release|Any CPU
		{21C7C1F3-E126-47B2-986D-5FC2E609E4DA}.Release|Any CPU.Build.0 = Release|Any CPU
		{B7AAE1AE-73C0-4D90-9BFE-93D747C3BFC4}.Debug|Any CPU.ActiveCfg = Debug|Any CPU
		{B7AAE1AE-73C0-4D90-9BFE-93D747C3BFC4}.Debug|Any CPU.Build.0 = Debug|Any CPU
		{B7AAE1AE-73C0-4D90-9BFE-93D747C3BFC4}.Release|Any CPU.ActiveCfg = Release|Any CPU
		{B7AAE1AE-73C0-4D90-9BFE-93D747C3BFC4}.Release|Any CPU.Build.0 = Release|Any CPU
	EndGlobalSection
	GlobalSection(SolutionProperties) = preSolution
		HideSolutionNode = FALSE
	EndGlobalSection
EndGlobal
